// !$*UTF8*$!
{
	archiveVersion = 1;
	classes = {
	};
	objectVersion = 56;
	objects = {

/* Begin PBXBuildFile section */
		69776EBB2B2BF24F00867CED /* Singer+CoreDataClass.swift in Sources */ = {isa = PBXBuildFile; fileRef = 69776EB92B2BF24F00867CED /* Singer+CoreDataClass.swift */; };
		69776EBC2B2BF24F00867CED /* Singer+CoreDataProperties.swift in Sources */ = {isa = PBXBuildFile; fileRef = 69776EBA2B2BF24F00867CED /* Singer+CoreDataProperties.swift */; };
		69776EBE2B2BF26000867CED /* Singer+Defaults.swift in Sources */ = {isa = PBXBuildFile; fileRef = 69776EBD2B2BF26000867CED /* Singer+Defaults.swift */; };
		69776EC02B2BF67900867CED /* FilteredListView.swift in Sources */ = {isa = PBXBuildFile; fileRef = 69776EBF2B2BF67900867CED /* FilteredListView.swift */; };
		69776EC52B2C0CA200867CED /* Country+CoreDataClass.swift in Sources */ = {isa = PBXBuildFile; fileRef = 69776EC12B2C0CA200867CED /* Country+CoreDataClass.swift */; };
		69776EC62B2C0CA200867CED /* Country+CoreDataProperties.swift in Sources */ = {isa = PBXBuildFile; fileRef = 69776EC22B2C0CA200867CED /* Country+CoreDataProperties.swift */; };
		69776EC72B2C0CA200867CED /* Candy+CoreDataClass.swift in Sources */ = {isa = PBXBuildFile; fileRef = 69776EC32B2C0CA200867CED /* Candy+CoreDataClass.swift */; };
		69776EC82B2C0CA200867CED /* Candy+CoreDataProperties.swift in Sources */ = {isa = PBXBuildFile; fileRef = 69776EC42B2C0CA200867CED /* Candy+CoreDataProperties.swift */; };
		69776ECA2B2C0DBA00867CED /* Candy+Defaults.swift in Sources */ = {isa = PBXBuildFile; fileRef = 69776EC92B2C0DBA00867CED /* Candy+Defaults.swift */; };
		69776ECC2B2C0DDD00867CED /* Country+Defaults.swift in Sources */ = {isa = PBXBuildFile; fileRef = 69776ECB2B2C0DDD00867CED /* Country+Defaults.swift */; };
		69776ECE2B2CC6EB00867CED /* NSPredicate+AppAdditions.swift in Sources */ = {isa = PBXBuildFile; fileRef = 69776ECD2B2CC6EB00867CED /* NSPredicate+AppAdditions.swift */; };
		69FBF3B32B2BDFC700E8651C /* CoreDataProjectApp.swift in Sources */ = {isa = PBXBuildFile; fileRef = 69FBF3B22B2BDFC700E8651C /* CoreDataProjectApp.swift */; };
		69FBF3B52B2BDFC700E8651C /* ContentView.swift in Sources */ = {isa = PBXBuildFile; fileRef = 69FBF3B42B2BDFC700E8651C /* ContentView.swift */; };
		69FBF3B72B2BDFC900E8651C /* Assets.xcassets in Resources */ = {isa = PBXBuildFile; fileRef = 69FBF3B62B2BDFC900E8651C /* Assets.xcassets */; };
		69FBF3BB2B2BDFC900E8651C /* Preview Assets.xcassets in Resources */ = {isa = PBXBuildFile; fileRef = 69FBF3BA2B2BDFC900E8651C /* Preview Assets.xcassets */; };
		69FBF3C22B2BE06A00E8651C /* DataController.swift in Sources */ = {isa = PBXBuildFile; fileRef = 69FBF3C12B2BE06A00E8651C /* DataController.swift */; };
		69FBF3C52B2BE09300E8651C /* CoreDataProject.xcdatamodeld in Sources */ = {isa = PBXBuildFile; fileRef = 69FBF3C32B2BE09300E8651C /* CoreDataProject.xcdatamodeld */; };
		69FBF3CB2B2BE66300E8651C /* Movie+CoreDataClass.swift in Sources */ = {isa = PBXBuildFile; fileRef = 69FBF3C92B2BE66300E8651C /* Movie+CoreDataClass.swift */; };
		69FBF3CC2B2BE66300E8651C /* Movie+CoreDataProperties.swift in Sources */ = {isa = PBXBuildFile; fileRef = 69FBF3CA2B2BE66300E8651C /* Movie+CoreDataProperties.swift */; };
		69FBF3CE2B2BE7A800E8651C /* Movie+Defaults.swift in Sources */ = {isa = PBXBuildFile; fileRef = 69FBF3CD2B2BE7A800E8651C /* Movie+Defaults.swift */; };
/* End PBXBuildFile section */

/* Begin PBXFileReference section */
		69776EB92B2BF24F00867CED /* Singer+CoreDataClass.swift */ = {isa = PBXFileReference; lastKnownFileType = sourcecode.swift; path = "Singer+CoreDataClass.swift"; sourceTree = "<group>"; };
		69776EBA2B2BF24F00867CED /* Singer+CoreDataProperties.swift */ = {isa = PBXFileReference; lastKnownFileType = sourcecode.swift; path = "Singer+CoreDataProperties.swift"; sourceTree = "<group>"; };
		69776EBD2B2BF26000867CED /* Singer+Defaults.swift */ = {isa = PBXFileReference; lastKnownFileType = sourcecode.swift; path = "Singer+Defaults.swift"; sourceTree = "<group>"; };
		69776EBF2B2BF67900867CED /* FilteredListView.swift */ = {isa = PBXFileReference; lastKnownFileType = sourcecode.swift; path = FilteredListView.swift; sourceTree = "<group>"; };
		69776EC12B2C0CA200867CED /* Country+CoreDataClass.swift */ = {isa = PBXFileReference; lastKnownFileType = sourcecode.swift; path = "Country+CoreDataClass.swift"; sourceTree = "<group>"; };
		69776EC22B2C0CA200867CED /* Country+CoreDataProperties.swift */ = {isa = PBXFileReference; lastKnownFileType = sourcecode.swift; path = "Country+CoreDataProperties.swift"; sourceTree = "<group>"; };
		69776EC32B2C0CA200867CED /* Candy+CoreDataClass.swift */ = {isa = PBXFileReference; lastKnownFileType = sourcecode.swift; path = "Candy+CoreDataClass.swift"; sourceTree = "<group>"; };
		69776EC42B2C0CA200867CED /* Candy+CoreDataProperties.swift */ = {isa = PBXFileReference; lastKnownFileType = sourcecode.swift; path = "Candy+CoreDataProperties.swift"; sourceTree = "<group>"; };
		69776EC92B2C0DBA00867CED /* Candy+Defaults.swift */ = {isa = PBXFileReference; lastKnownFileType = sourcecode.swift; path = "Candy+Defaults.swift"; sourceTree = "<group>"; };
		69776ECB2B2C0DDD00867CED /* Country+Defaults.swift */ = {isa = PBXFileReference; lastKnownFileType = sourcecode.swift; path = "Country+Defaults.swift"; sourceTree = "<group>"; };
		69776ECD2B2CC6EB00867CED /* NSPredicate+AppAdditions.swift */ = {isa = PBXFileReference; lastKnownFileType = sourcecode.swift; path = "NSPredicate+AppAdditions.swift"; sourceTree = "<group>"; };
		69FBF3AF2B2BDFC700E8651C /* CoreDataProject.app */ = {isa = PBXFileReference; explicitFileType = wrapper.application; includeInIndex = 0; path = CoreDataProject.app; sourceTree = BUILT_PRODUCTS_DIR; };
		69FBF3B22B2BDFC700E8651C /* CoreDataProjectApp.swift */ = {isa = PBXFileReference; lastKnownFileType = sourcecode.swift; path = CoreDataProjectApp.swift; sourceTree = "<group>"; };
		69FBF3B42B2BDFC700E8651C /* ContentView.swift */ = {isa = PBXFileReference; lastKnownFileType = sourcecode.swift; path = ContentView.swift; sourceTree = "<group>"; };
		69FBF3B62B2BDFC900E8651C /* Assets.xcassets */ = {isa = PBXFileReference; lastKnownFileType = folder.assetcatalog; path = Assets.xcassets; sourceTree = "<group>"; };
		69FBF3B82B2BDFC900E8651C /* CoreDataProject.entitlements */ = {isa = PBXFileReference; lastKnownFileType = text.plist.entitlements; path = CoreDataProject.entitlements; sourceTree = "<group>"; };
		69FBF3BA2B2BDFC900E8651C /* Preview Assets.xcassets */ = {isa = PBXFileReference; lastKnownFileType = folder.assetcatalog; path = "Preview Assets.xcassets"; sourceTree = "<group>"; };
		69FBF3C12B2BE06A00E8651C /* DataController.swift */ = {isa = PBXFileReference; fileEncoding = 4; lastKnownFileType = sourcecode.swift; path = DataController.swift; sourceTree = "<group>"; };
		69FBF3C42B2BE09300E8651C /* CoreDataProject.xcdatamodel */ = {isa = PBXFileReference; lastKnownFileType = wrapper.xcdatamodel; path = CoreDataProject.xcdatamodel; sourceTree = "<group>"; };
		69FBF3C92B2BE66300E8651C /* Movie+CoreDataClass.swift */ = {isa = PBXFileReference; lastKnownFileType = sourcecode.swift; path = "Movie+CoreDataClass.swift"; sourceTree = "<group>"; };
		69FBF3CA2B2BE66300E8651C /* Movie+CoreDataProperties.swift */ = {isa = PBXFileReference; lastKnownFileType = sourcecode.swift; path = "Movie+CoreDataProperties.swift"; sourceTree = "<group>"; };
		69FBF3CD2B2BE7A800E8651C /* Movie+Defaults.swift */ = {isa = PBXFileReference; lastKnownFileType = sourcecode.swift; path = "Movie+Defaults.swift"; sourceTree = "<group>"; };
/* End PBXFileReference section */

/* Begin PBXFrameworksBuildPhase section */
		69FBF3AC2B2BDFC700E8651C /* Frameworks */ = {
			isa = PBXFrameworksBuildPhase;
			buildActionMask = 2147483647;
			files = (
			);
			runOnlyForDeploymentPostprocessing = 0;
		};
/* End PBXFrameworksBuildPhase section */

/* Begin PBXGroup section */
		69FBF3A62B2BDFC700E8651C = {
			isa = PBXGroup;
			children = (
				69FBF3B12B2BDFC700E8651C /* CoreDataProject */,
				69FBF3B02B2BDFC700E8651C /* Products */,
			);
			sourceTree = "<group>";
		};
		69FBF3B02B2BDFC700E8651C /* Products */ = {
			isa = PBXGroup;
			children = (
				69FBF3AF2B2BDFC700E8651C /* CoreDataProject.app */,
			);
			name = Products;
			sourceTree = "<group>";
		};
		69FBF3B12B2BDFC700E8651C /* CoreDataProject */ = {
			isa = PBXGroup;
			children = (
				69FBF3B22B2BDFC700E8651C /* CoreDataProjectApp.swift */,
				69FBF3B42B2BDFC700E8651C /* ContentView.swift */,
				69776EBF2B2BF67900867CED /* FilteredListView.swift */,
				69FBF3C12B2BE06A00E8651C /* DataController.swift */,
				69776ECD2B2CC6EB00867CED /* NSPredicate+AppAdditions.swift */,
				69FBF3C62B2BE57500E8651C /* CoreData */,
				69FBF3B62B2BDFC900E8651C /* Assets.xcassets */,
				69FBF3B82B2BDFC900E8651C /* CoreDataProject.entitlements */,
				69FBF3B92B2BDFC900E8651C /* Preview Content */,
			);
			path = CoreDataProject;
			sourceTree = "<group>";
		};
		69FBF3B92B2BDFC900E8651C /* Preview Content */ = {
			isa = PBXGroup;
			children = (
				69FBF3BA2B2BDFC900E8651C /* Preview Assets.xcassets */,
			);
			path = "Preview Content";
			sourceTree = "<group>";
		};
		69FBF3C62B2BE57500E8651C /* CoreData */ = {
			isa = PBXGroup;
			children = (
				69776EC12B2C0CA200867CED /* Country+CoreDataClass.swift */,
				69776EC22B2C0CA200867CED /* Country+CoreDataProperties.swift */,
				69776EC32B2C0CA200867CED /* Candy+CoreDataClass.swift */,
				69776EC42B2C0CA200867CED /* Candy+CoreDataProperties.swift */,
				69776EB92B2BF24F00867CED /* Singer+CoreDataClass.swift */,
				69776EBA2B2BF24F00867CED /* Singer+CoreDataProperties.swift */,
				69776EBD2B2BF26000867CED /* Singer+Defaults.swift */,
				69FBF3C92B2BE66300E8651C /* Movie+CoreDataClass.swift */,
				69FBF3CD2B2BE7A800E8651C /* Movie+Defaults.swift */,
				69776EC92B2C0DBA00867CED /* Candy+Defaults.swift */,
				69776ECB2B2C0DDD00867CED /* Country+Defaults.swift */,
				69FBF3CA2B2BE66300E8651C /* Movie+CoreDataProperties.swift */,
				69FBF3C32B2BE09300E8651C /* CoreDataProject.xcdatamodeld */,
			);
			path = CoreData;
			sourceTree = "<group>";
		};
/* End PBXGroup section */

/* Begin PBXNativeTarget section */
		69FBF3AE2B2BDFC700E8651C /* CoreDataProject */ = {
			isa = PBXNativeTarget;
			buildConfigurationList = 69FBF3BE2B2BDFC900E8651C /* Build configuration list for PBXNativeTarget "CoreDataProject" */;
			buildPhases = (
				69FBF3AB2B2BDFC700E8651C /* Sources */,
				69FBF3AC2B2BDFC700E8651C /* Frameworks */,
				69FBF3AD2B2BDFC700E8651C /* Resources */,
			);
			buildRules = (
			);
			dependencies = (
			);
			name = CoreDataProject;
			productName = CoreDataProject;
			productReference = 69FBF3AF2B2BDFC700E8651C /* CoreDataProject.app */;
			productType = "com.apple.product-type.application";
		};
/* End PBXNativeTarget section */

/* Begin PBXProject section */
		69FBF3A72B2BDFC700E8651C /* Project object */ = {
			isa = PBXProject;
			attributes = {
				BuildIndependentTargetsInParallel = 1;
				LastSwiftUpdateCheck = 1500;
				LastUpgradeCheck = 1500;
				TargetAttributes = {
					69FBF3AE2B2BDFC700E8651C = {
						CreatedOnToolsVersion = 15.0;
					};
				};
			};
			buildConfigurationList = 69FBF3AA2B2BDFC700E8651C /* Build configuration list for PBXProject "CoreDataProject" */;
			compatibilityVersion = "Xcode 14.0";
			developmentRegion = en;
			hasScannedForEncodings = 0;
			knownRegions = (
				en,
				Base,
			);
			mainGroup = 69FBF3A62B2BDFC700E8651C;
			productRefGroup = 69FBF3B02B2BDFC700E8651C /* Products */;
			projectDirPath = "";
			projectRoot = "";
			targets = (
				69FBF3AE2B2BDFC700E8651C /* CoreDataProject */,
			);
		};
/* End PBXProject section */

/* Begin PBXResourcesBuildPhase section */
		69FBF3AD2B2BDFC700E8651C /* Resources */ = {
			isa = PBXResourcesBuildPhase;
			buildActionMask = 2147483647;
			files = (
				69FBF3BB2B2BDFC900E8651C /* Preview Assets.xcassets in Resources */,
				69FBF3B72B2BDFC900E8651C /* Assets.xcassets in Resources */,
			);
			runOnlyForDeploymentPostprocessing = 0;
		};
/* End PBXResourcesBuildPhase section */

/* Begin PBXSourcesBuildPhase section */
		69FBF3AB2B2BDFC700E8651C /* Sources */ = {
			isa = PBXSourcesBuildPhase;
			buildActionMask = 2147483647;
			files = (
				69776ECE2B2CC6EB00867CED /* NSPredicate+AppAdditions.swift in Sources */,
				69FBF3B52B2BDFC700E8651C /* ContentView.swift in Sources */,
				69776ECA2B2C0DBA00867CED /* Candy+Defaults.swift in Sources */,
				69776EBC2B2BF24F00867CED /* Singer+CoreDataProperties.swift in Sources */,
				69776EC62B2C0CA200867CED /* Country+CoreDataProperties.swift in Sources */,
				69776EC52B2C0CA200867CED /* Country+CoreDataClass.swift in Sources */,
				69776EBB2B2BF24F00867CED /* Singer+CoreDataClass.swift in Sources */,
				69776EC02B2BF67900867CED /* FilteredListView.swift in Sources */,
				69776EC82B2C0CA200867CED /* Candy+CoreDataProperties.swift in Sources */,
				69FBF3CE2B2BE7A800E8651C /* Movie+Defaults.swift in Sources */,
				69776ECC2B2C0DDD00867CED /* Country+Defaults.swift in Sources */,
				69776EBE2B2BF26000867CED /* Singer+Defaults.swift in Sources */,
				69FBF3C22B2BE06A00E8651C /* DataController.swift in Sources */,
				69FBF3C52B2BE09300E8651C /* CoreDataProject.xcdatamodeld in Sources */,
				69FBF3CB2B2BE66300E8651C /* Movie+CoreDataClass.swift in Sources */,
				69FBF3CC2B2BE66300E8651C /* Movie+CoreDataProperties.swift in Sources */,
				69FBF3B32B2BDFC700E8651C /* CoreDataProjectApp.swift in Sources */,
				69776EC72B2C0CA200867CED /* Candy+CoreDataClass.swift in Sources */,
			);
			runOnlyForDeploymentPostprocessing = 0;
		};
/* End PBXSourcesBuildPhase section */

/* Begin XCBuildConfiguration section */
		69FBF3BC2B2BDFC900E8651C /* Debug */ = {
			isa = XCBuildConfiguration;
			buildSettings = {
				ALWAYS_SEARCH_USER_PATHS = NO;
				ASSETCATALOG_COMPILER_GENERATE_SWIFT_ASSET_SYMBOL_EXTENSIONS = YES;
				CLANG_ANALYZER_NONNULL = YES;
				CLANG_ANALYZER_NUMBER_OBJECT_CONVERSION = YES_AGGRESSIVE;
				CLANG_CXX_LANGUAGE_STANDARD = "gnu++20";
				CLANG_ENABLE_MODULES = YES;
				CLANG_ENABLE_OBJC_ARC = YES;
				CLANG_ENABLE_OBJC_WEAK = YES;
				CLANG_WARN_BLOCK_CAPTURE_AUTORELEASING = YES;
				CLANG_WARN_BOOL_CONVERSION = YES;
				CLANG_WARN_COMMA = YES;
				CLANG_WARN_CONSTANT_CONVERSION = YES;
				CLANG_WARN_DEPRECATED_OBJC_IMPLEMENTATIONS = YES;
				CLANG_WARN_DIRECT_OBJC_ISA_USAGE = YES_ERROR;
				CLANG_WARN_DOCUMENTATION_COMMENTS = YES;
				CLANG_WARN_EMPTY_BODY = YES;
				CLANG_WARN_ENUM_CONVERSION = YES;
				CLANG_WARN_INFINITE_RECURSION = YES;
				CLANG_WARN_INT_CONVERSION = YES;
				CLANG_WARN_NON_LITERAL_NULL_CONVERSION = YES;
				CLANG_WARN_OBJC_IMPLICIT_RETAIN_SELF = YES;
				CLANG_WARN_OBJC_LITERAL_CONVERSION = YES;
				CLANG_WARN_OBJC_ROOT_CLASS = YES_ERROR;
				CLANG_WARN_QUOTED_INCLUDE_IN_FRAMEWORK_HEADER = YES;
				CLANG_WARN_RANGE_LOOP_ANALYSIS = YES;
				CLANG_WARN_STRICT_PROTOTYPES = YES;
				CLANG_WARN_SUSPICIOUS_MOVE = YES;
				CLANG_WARN_UNGUARDED_AVAILABILITY = YES_AGGRESSIVE;
				CLANG_WARN_UNREACHABLE_CODE = YES;
				CLANG_WARN__DUPLICATE_METHOD_MATCH = YES;
				COPY_PHASE_STRIP = NO;
				DEBUG_INFORMATION_FORMAT = dwarf;
				ENABLE_STRICT_OBJC_MSGSEND = YES;
				ENABLE_TESTABILITY = YES;
				ENABLE_USER_SCRIPT_SANDBOXING = YES;
				GCC_C_LANGUAGE_STANDARD = gnu17;
				GCC_DYNAMIC_NO_PIC = NO;
				GCC_NO_COMMON_BLOCKS = YES;
				GCC_OPTIMIZATION_LEVEL = 0;
				GCC_PREPROCESSOR_DEFINITIONS = (
					"DEBUG=1",
					"$(inherited)",
				);
				GCC_WARN_64_TO_32_BIT_CONVERSION = YES;
				GCC_WARN_ABOUT_RETURN_TYPE = YES_ERROR;
				GCC_WARN_UNDECLARED_SELECTOR = YES;
				GCC_WARN_UNINITIALIZED_AUTOS = YES_AGGRESSIVE;
				GCC_WARN_UNUSED_FUNCTION = YES;
				GCC_WARN_UNUSED_VARIABLE = YES;
				LOCALIZATION_PREFERS_STRING_CATALOGS = YES;
				MTL_ENABLE_DEBUG_INFO = INCLUDE_SOURCE;
				MTL_FAST_MATH = YES;
				ONLY_ACTIVE_ARCH = YES;
				SWIFT_ACTIVE_COMPILATION_CONDITIONS = "DEBUG $(inherited)";
				SWIFT_OPTIMIZATION_LEVEL = "-Onone";
			};
			name = Debug;
		};
		69FBF3BD2B2BDFC900E8651C /* Release */ = {
			isa = XCBuildConfiguration;
			buildSettings = {
				ALWAYS_SEARCH_USER_PATHS = NO;
				ASSETCATALOG_COMPILER_GENERATE_SWIFT_ASSET_SYMBOL_EXTENSIONS = YES;
				CLANG_ANALYZER_NONNULL = YES;
				CLANG_ANALYZER_NUMBER_OBJECT_CONVERSION = YES_AGGRESSIVE;
				CLANG_CXX_LANGUAGE_STANDARD = "gnu++20";
				CLANG_ENABLE_MODULES = YES;
				CLANG_ENABLE_OBJC_ARC = YES;
				CLANG_ENABLE_OBJC_WEAK = YES;
				CLANG_WARN_BLOCK_CAPTURE_AUTORELEASING = YES;
				CLANG_WARN_BOOL_CONVERSION = YES;
				CLANG_WARN_COMMA = YES;
				CLANG_WARN_CONSTANT_CONVERSION = YES;
				CLANG_WARN_DEPRECATED_OBJC_IMPLEMENTATIONS = YES;
				CLANG_WARN_DIRECT_OBJC_ISA_USAGE = YES_ERROR;
				CLANG_WARN_DOCUMENTATION_COMMENTS = YES;
				CLANG_WARN_EMPTY_BODY = YES;
				CLANG_WARN_ENUM_CONVERSION = YES;
				CLANG_WARN_INFINITE_RECURSION = YES;
				CLANG_WARN_INT_CONVERSION = YES;
				CLANG_WARN_NON_LITERAL_NULL_CONVERSION = YES;
				CLANG_WARN_OBJC_IMPLICIT_RETAIN_SELF = YES;
				CLANG_WARN_OBJC_LITERAL_CONVERSION = YES;
				CLANG_WARN_OBJC_ROOT_CLASS = YES_ERROR;
				CLANG_WARN_QUOTED_INCLUDE_IN_FRAMEWORK_HEADER = YES;
				CLANG_WARN_RANGE_LOOP_ANALYSIS = YES;
				CLANG_WARN_STRICT_PROTOTYPES = YES;
				CLANG_WARN_SUSPICIOUS_MOVE = YES;
				CLANG_WARN_UNGUARDED_AVAILABILITY = YES_AGGRESSIVE;
				CLANG_WARN_UNREACHABLE_CODE = YES;
				CLANG_WARN__DUPLICATE_METHOD_MATCH = YES;
				COPY_PHASE_STRIP = NO;
				DEBUG_INFORMATION_FORMAT = "dwarf-with-dsym";
				ENABLE_NS_ASSERTIONS = NO;
				ENABLE_STRICT_OBJC_MSGSEND = YES;
				ENABLE_USER_SCRIPT_SANDBOXING = YES;
				GCC_C_LANGUAGE_STANDARD = gnu17;
				GCC_NO_COMMON_BLOCKS = YES;
				GCC_WARN_64_TO_32_BIT_CONVERSION = YES;
				GCC_WARN_ABOUT_RETURN_TYPE = YES_ERROR;
				GCC_WARN_UNDECLARED_SELECTOR = YES;
				GCC_WARN_UNINITIALIZED_AUTOS = YES_AGGRESSIVE;
				GCC_WARN_UNUSED_FUNCTION = YES;
				GCC_WARN_UNUSED_VARIABLE = YES;
				LOCALIZATION_PREFERS_STRING_CATALOGS = YES;
				MTL_ENABLE_DEBUG_INFO = NO;
				MTL_FAST_MATH = YES;
				SWIFT_COMPILATION_MODE = wholemodule;
			};
			name = Release;
		};
		69FBF3BF2B2BDFC900E8651C /* Debug */ = {
			isa = XCBuildConfiguration;
			buildSettings = {
				ASSETCATALOG_COMPILER_APPICON_NAME = AppIcon;
				ASSETCATALOG_COMPILER_GLOBAL_ACCENT_COLOR_NAME = AccentColor;
				CODE_SIGN_ENTITLEMENTS = CoreDataProject/CoreDataProject.entitlements;
				CODE_SIGN_STYLE = Automatic;
				CURRENT_PROJECT_VERSION = 1;
				DEVELOPMENT_ASSET_PATHS = "\"CoreDataProject/Preview Content\"";
				DEVELOPMENT_TEAM = P7Z43F3D7V;
				ENABLE_HARDENED_RUNTIME = YES;
				ENABLE_PREVIEWS = YES;
				GENERATE_INFOPLIST_FILE = YES;
				"INFOPLIST_KEY_UIApplicationSceneManifest_Generation[sdk=iphoneos*]" = YES;
				"INFOPLIST_KEY_UIApplicationSceneManifest_Generation[sdk=iphonesimulator*]" = YES;
				"INFOPLIST_KEY_UIApplicationSupportsIndirectInputEvents[sdk=iphoneos*]" = YES;
				"INFOPLIST_KEY_UIApplicationSupportsIndirectInputEvents[sdk=iphonesimulator*]" = YES;
				"INFOPLIST_KEY_UILaunchScreen_Generation[sdk=iphoneos*]" = YES;
				"INFOPLIST_KEY_UILaunchScreen_Generation[sdk=iphonesimulator*]" = YES;
				"INFOPLIST_KEY_UIStatusBarStyle[sdk=iphoneos*]" = UIStatusBarStyleDefault;
				"INFOPLIST_KEY_UIStatusBarStyle[sdk=iphonesimulator*]" = UIStatusBarStyleDefault;
				INFOPLIST_KEY_UISupportedInterfaceOrientations_iPad = "UIInterfaceOrientationPortrait UIInterfaceOrientationPortraitUpsideDown UIInterfaceOrientationLandscapeLeft UIInterfaceOrientationLandscapeRight";
				INFOPLIST_KEY_UISupportedInterfaceOrientations_iPhone = "UIInterfaceOrientationPortrait UIInterfaceOrientationLandscapeLeft UIInterfaceOrientationLandscapeRight";
				IPHONEOS_DEPLOYMENT_TARGET = 17.0;
				LD_RUNPATH_SEARCH_PATHS = "@executable_path/Frameworks";
				"LD_RUNPATH_SEARCH_PATHS[sdk=macosx*]" = "@executable_path/../Frameworks";
				MACOSX_DEPLOYMENT_TARGET = 14.0;
				MARKETING_VERSION = 1.0;
				PRODUCT_BUNDLE_IDENTIFIER = com.caseirosoftware.CoreDataProject;
				PRODUCT_NAME = "$(TARGET_NAME)";
				SDKROOT = auto;
				SUPPORTED_PLATFORMS = "iphoneos iphonesimulator macosx";
				SWIFT_EMIT_LOC_STRINGS = YES;
				SWIFT_VERSION = 5.0;
				TARGETED_DEVICE_FAMILY = "1,2";
			};
			name = Debug;
		};
		69FBF3C02B2BDFC900E8651C /* Release */ = {
			isa = XCBuildConfiguration;
			buildSettings = {
				ASSETCATALOG_COMPILER_APPICON_NAME = AppIcon;
				ASSETCATALOG_COMPILER_GLOBAL_ACCENT_COLOR_NAME = AccentColor;
				CODE_SIGN_ENTITLEMENTS = CoreDataProject/CoreDataProject.entitlements;
				CODE_SIGN_STYLE = Automatic;
				CURRENT_PROJECT_VERSION = 1;
				DEVELOPMENT_ASSET_PATHS = "\"CoreDataProject/Preview Content\"";
				DEVELOPMENT_TEAM = P7Z43F3D7V;
				ENABLE_HARDENED_RUNTIME = YES;
				ENABLE_PREVIEWS = YES;
				GENERATE_INFOPLIST_FILE = YES;
				"INFOPLIST_KEY_UIApplicationSceneManifest_Generation[sdk=iphoneos*]" = YES;
				"INFOPLIST_KEY_UIApplicationSceneManifest_Generation[sdk=iphonesimulator*]" = YES;
				"INFOPLIST_KEY_UIApplicationSupportsIndirectInputEvents[sdk=iphoneos*]" = YES;
				"INFOPLIST_KEY_UIApplicationSupportsIndirectInputEvents[sdk=iphonesimulator*]" = YES;
				"INFOPLIST_KEY_UILaunchScreen_Generation[sdk=iphoneos*]" = YES;
				"INFOPLIST_KEY_UILaunchScreen_Generation[sdk=iphonesimulator*]" = YES;
				"INFOPLIST_KEY_UIStatusBarStyle[sdk=iphoneos*]" = UIStatusBarStyleDefault;
				"INFOPLIST_KEY_UIStatusBarStyle[sdk=iphonesimulator*]" = UIStatusBarStyleDefault;
				INFOPLIST_KEY_UISupportedInterfaceOrientations_iPad = "UIInterfaceOrientationPortrait UIInterfaceOrientationPortraitUpsideDown UIInterfaceOrientationLandscapeLeft UIInterfaceOrientationLandscapeRight";
				INFOPLIST_KEY_UISupportedInterfaceOrientations_iPhone = "UIInterfaceOrientationPortrait UIInterfaceOrientationLandscapeLeft UIInterfaceOrientationLandscapeRight";
				IPHONEOS_DEPLOYMENT_TARGET = 17.0;
				LD_RUNPATH_SEARCH_PATHS = "@executable_path/Frameworks";
				"LD_RUNPATH_SEARCH_PATHS[sdk=macosx*]" = "@executable_path/../Frameworks";
				MACOSX_DEPLOYMENT_TARGET = 14.0;
				MARKETING_VERSION = 1.0;
				PRODUCT_BUNDLE_IDENTIFIER = com.caseirosoftware.CoreDataProject;
				PRODUCT_NAME = "$(TARGET_NAME)";
				SDKROOT = auto;
				SUPPORTED_PLATFORMS = "iphoneos iphonesimulator macosx";
				SWIFT_EMIT_LOC_STRINGS = YES;
				SWIFT_VERSION = 5.0;
				TARGETED_DEVICE_FAMILY = "1,2";
			};
			name = Release;
		};
/* End XCBuildConfiguration section */

/* Begin XCConfigurationList section */
		69FBF3AA2B2BDFC700E8651C /* Build configuration list for PBXProject "CoreDataProject" */ = {
			isa = XCConfigurationList;
			buildConfigurations = (
				69FBF3BC2B2BDFC900E8651C /* Debug */,
				69FBF3BD2B2BDFC900E8651C /* Release */,
			);
			defaultConfigurationIsVisible = 0;
			defaultConfigurationName = Release;
		};
		69FBF3BE2B2BDFC900E8651C /* Build configuration list for PBXNativeTarget "CoreDataProject" */ = {
			isa = XCConfigurationList;
			buildConfigurations = (
				69FBF3BF2B2BDFC900E8651C /* Debug */,
				69FBF3C02B2BDFC900E8651C /* Release */,
			);
			defaultConfigurationIsVisible = 0;
			defaultConfigurationName = Release;
		};
/* End XCConfigurationList section */

/* Begin XCVersionGroup section */
		69FBF3C32B2BE09300E8651C /* CoreDataProject.xcdatamodeld */ = {
			isa = XCVersionGroup;
			children = (
				69FBF3C42B2BE09300E8651C /* CoreDataProject.xcdatamodel */,
			);
			currentVersion = 69FBF3C42B2BE09300E8651C /* CoreDataProject.xcdatamodel */;
			path = CoreDataProject.xcdatamodeld;
			sourceTree = "<group>";
			versionGroupType = wrapper.xcdatamodel;
		};
/* End XCVersionGroup section */
	};
	rootObject = 69FBF3A72B2BDFC700E8651C /* Project object */;
}
